
Microsoft Visual Studio Solution File, Format Version 12.00
# Visual Studio 2012
Project("{FAE04EC0-301F-11D3-BF4B-00C04F79EFBC}") = "Vici.CoolStorage.Xamarin.iOS.Sqlite", "Library\Vici.CoolStorage.Xamarin.iOS.Sqlite.csproj", "{76831A16-3A8E-4E37-9DEE-18C00C13D85A}"
EndProject
Project("{FAE04EC0-301F-11D3-BF4B-00C04F79EFBC}") = "Vici.CoolStorage.Xamarin.iOS.Sqlite.Test", "Test\Vici.CoolStorage.Xamarin.iOS.Sqlite.Test.csproj", "{898904DB-4383-48D6-9D8B-C3D92C7E22AC}"
EndProject
Global
	GlobalSection(SolutionConfigurationPlatforms) = preSolution
		Ad-Hoc|Any CPU = Ad-Hoc|Any CPU
		Ad-Hoc|iPhone = Ad-Hoc|iPhone
		Ad-Hoc|iPhoneSimulator = Ad-Hoc|iPhoneSimulator
		Ad-Hoc|Mixed Platforms = Ad-Hoc|Mixed Platforms
		AppStore|Any CPU = AppStore|Any CPU
		AppStore|iPhone = AppStore|iPhone
		AppStore|iPhoneSimulator = AppStore|iPhoneSimulator
		AppStore|Mixed Platforms = AppStore|Mixed Platforms
		Debug|Any CPU = Debug|Any CPU
		Debug|iPhone = Debug|iPhone
		Debug|iPhoneSimulator = Debug|iPhoneSimulator
		Debug|Mixed Platforms = Debug|Mixed Platforms
		Release|Any CPU = Release|Any CPU
		Release|iPhone = Release|iPhone
		Release|iPhoneSimulator = Release|iPhoneSimulator
		Release|Mixed Platforms = Release|Mixed Platforms
	EndGlobalSection
	GlobalSection(ProjectConfigurationPlatforms) = postSolution
		{76831A16-3A8E-4E37-9DEE-18C00C13D85A}.Ad-Hoc|Any CPU.ActiveCfg = Release|Any CPU
		{76831A16-3A8E-4E37-9DEE-18C00C13D85A}.Ad-Hoc|Any CPU.Build.0 = Release|Any CPU
		{76831A16-3A8E-4E37-9DEE-18C00C13D85A}.Ad-Hoc|iPhone.ActiveCfg = Release|Any CPU
		{76831A16-3A8E-4E37-9DEE-18C00C13D85A}.Ad-Hoc|iPhoneSimulator.ActiveCfg = Release|Any CPU
		{76831A16-3A8E-4E37-9DEE-18C00C13D85A}.Ad-Hoc|Mixed Platforms.ActiveCfg = Release|Any CPU
		{76831A16-3A8E-4E37-9DEE-18C00C13D85A}.Ad-Hoc|Mixed Platforms.Build.0 = Release|Any CPU
		{76831A16-3A8E-4E37-9DEE-18C00C13D85A}.AppStore|Any CPU.ActiveCfg = Release|Any CPU
		{76831A16-3A8E-4E37-9DEE-18C00C13D85A}.AppStore|Any CPU.Build.0 = Release|Any CPU
		{76831A16-3A8E-4E37-9DEE-18C00C13D85A}.AppStore|iPhone.ActiveCfg = Release|Any CPU
		{76831A16-3A8E-4E37-9DEE-18C00C13D85A}.AppStore|iPhoneSimulator.ActiveCfg = Release|Any CPU
		{76831A16-3A8E-4E37-9DEE-18C00C13D85A}.AppStore|Mixed Platforms.ActiveCfg = Release|Any CPU
		{76831A16-3A8E-4E37-9DEE-18C00C13D85A}.AppStore|Mixed Platforms.Build.0 = Release|Any CPU
		{76831A16-3A8E-4E37-9DEE-18C00C13D85A}.Debug|Any CPU.ActiveCfg = Debug|Any CPU
		{76831A16-3A8E-4E37-9DEE-18C00C13D85A}.Debug|Any CPU.Build.0 = Debug|Any CPU
		{76831A16-3A8E-4E37-9DEE-18C00C13D85A}.Debug|iPhone.ActiveCfg = Debug|Any CPU
		{76831A16-3A8E-4E37-9DEE-18C00C13D85A}.Debug|iPhoneSimulator.ActiveCfg = Debug|Any CPU
		{76831A16-3A8E-4E37-9DEE-18C00C13D85A}.Debug|Mixed Platforms.ActiveCfg = Debug|Any CPU
		{76831A16-3A8E-4E37-9DEE-18C00C13D85A}.Debug|Mixed Platforms.Build.0 = Debug|Any CPU
		{76831A16-3A8E-4E37-9DEE-18C00C13D85A}.Release|Any CPU.ActiveCfg = Release|Any CPU
		{76831A16-3A8E-4E37-9DEE-18C00C13D85A}.Release|Any CPU.Build.0 = Release|Any CPU
		{76831A16-3A8E-4E37-9DEE-18C00C13D85A}.Release|iPhone.ActiveCfg = Release|Any CPU
		{76831A16-3A8E-4E37-9DEE-18C00C13D85A}.Release|iPhoneSimulator.ActiveCfg = Release|Any CPU
		{76831A16-3A8E-4E37-9DEE-18C00C13D85A}.Release|Mixed Platforms.ActiveCfg = Release|Any CPU
		{76831A16-3A8E-4E37-9DEE-18C00C13D85A}.Release|Mixed Platforms.Build.0 = Release|Any CPU
		{898904DB-4383-48D6-9D8B-C3D92C7E22AC}.Ad-Hoc|Any CPU.ActiveCfg = Ad-Hoc|iPhone
		{898904DB-4383-48D6-9D8B-C3D92C7E22AC}.Ad-Hoc|iPhone.ActiveCfg = Ad-Hoc|iPhone
		{898904DB-4383-48D6-9D8B-C3D92C7E22AC}.Ad-Hoc|iPhone.Build.0 = Ad-Hoc|iPhone
		{898904DB-4383-48D6-9D8B-C3D92C7E22AC}.Ad-Hoc|iPhone.Deploy.0 = Ad-Hoc|iPhone
		{898904DB-4383-48D6-9D8B-C3D92C7E22AC}.Ad-Hoc|iPhoneSimulator.ActiveCfg = Ad-Hoc|iPhoneSimulator
		{898904DB-4383-48D6-9D8B-C3D92C7E22AC}.Ad-Hoc|iPhoneSimulator.Build.0 = Ad-Hoc|iPhoneSimulator
		{898904DB-4383-48D6-9D8B-C3D92C7E22AC}.Ad-Hoc|iPhoneSimulator.Deploy.0 = Ad-Hoc|iPhoneSimulator
		{898904DB-4383-48D6-9D8B-C3D92C7E22AC}.Ad-Hoc|Mixed Platforms.ActiveCfg = Ad-Hoc|iPhone
		{898904DB-4383-48D6-9D8B-C3D92C7E22AC}.Ad-Hoc|Mixed Platforms.Build.0 = Ad-Hoc|iPhone
		{898904DB-4383-48D6-9D8B-C3D92C7E22AC}.Ad-Hoc|Mixed Platforms.Deploy.0 = Ad-Hoc|iPhone
		{898904DB-4383-48D6-9D8B-C3D92C7E22AC}.AppStore|Any CPU.ActiveCfg = AppStore|iPhone
		{898904DB-4383-48D6-9D8B-C3D92C7E22AC}.AppStore|iPhone.ActiveCfg = AppStore|iPhone
		{898904DB-4383-48D6-9D8B-C3D92C7E22AC}.AppStore|iPhone.Build.0 = AppStore|iPhone
		{898904DB-4383-48D6-9D8B-C3D92C7E22AC}.AppStore|iPhone.Deploy.0 = AppStore|iPhone
		{898904DB-4383-48D6-9D8B-C3D92C7E22AC}.AppStore|iPhoneSimulator.ActiveCfg = AppStore|iPhoneSimulator
		{898904DB-4383-48D6-9D8B-C3D92C7E22AC}.AppStore|iPhoneSimulator.Build.0 = AppStore|iPhoneSimulator
		{898904DB-4383-48D6-9D8B-C3D92C7E22AC}.AppStore|iPhoneSimulator.Deploy.0 = AppStore|iPhoneSimulator
		{898904DB-4383-48D6-9D8B-C3D92C7E22AC}.AppStore|Mixed Platforms.ActiveCfg = AppStore|iPhone
		{898904DB-4383-48D6-9D8B-C3D92C7E22AC}.AppStore|Mixed Platforms.Build.0 = AppStore|iPhone
		{898904DB-4383-48D6-9D8B-C3D92C7E22AC}.AppStore|Mixed Platforms.Deploy.0 = AppStore|iPhone
		{898904DB-4383-48D6-9D8B-C3D92C7E22AC}.Debug|Any CPU.ActiveCfg = Debug|iPhone
		{898904DB-4383-48D6-9D8B-C3D92C7E22AC}.Debug|iPhone.ActiveCfg = Debug|iPhone
		{898904DB-4383-48D6-9D8B-C3D92C7E22AC}.Debug|iPhone.Build.0 = Debug|iPhone
		{898904DB-4383-48D6-9D8B-C3D92C7E22AC}.Debug|iPhone.Deploy.0 = Debug|iPhone
		{898904DB-4383-48D6-9D8B-C3D92C7E22AC}.Debug|iPhoneSimulator.ActiveCfg = Debug|iPhoneSimulator
		{898904DB-4383-48D6-9D8B-C3D92C7E22AC}.Debug|iPhoneSimulator.Build.0 = Debug|iPhoneSimulator
		{898904DB-4383-48D6-9D8B-C3D92C7E22AC}.Debug|iPhoneSimulator.Deploy.0 = Debug|iPhoneSimulator
		{898904DB-4383-48D6-9D8B-C3D92C7E22AC}.Debug|Mixed Platforms.ActiveCfg = Debug|iPhone
		{898904DB-4383-48D6-9D8B-C3D92C7E22AC}.Debug|Mixed Platforms.Build.0 = Debug|iPhone
		{898904DB-4383-48D6-9D8B-C3D92C7E22AC}.Debug|Mixed Platforms.Deploy.0 = Debug|iPhone
		{898904DB-4383-48D6-9D8B-C3D92C7E22AC}.Release|Any CPU.ActiveCfg = Release|iPhone
		{898904DB-4383-48D6-9D8B-C3D92C7E22AC}.Release|iPhone.ActiveCfg = Release|iPhone
		{898904DB-4383-48D6-9D8B-C3D92C7E22AC}.Release|iPhone.Build.0 = Release|iPhone
		{898904DB-4383-48D6-9D8B-C3D92C7E22AC}.Release|iPhone.Deploy.0 = Release|iPhone
		{898904DB-4383-48D6-9D8B-C3D92C7E22AC}.Release|iPhoneSimulator.ActiveCfg = Release|iPhoneSimulator
		{898904DB-4383-48D6-9D8B-C3D92C7E22AC}.Release|iPhoneSimulator.Build.0 = Release|iPhoneSimulator
		{898904DB-4383-48D6-9D8B-C3D92C7E22AC}.Release|iPhoneSimulator.Deploy.0 = Release|iPhoneSimulator
		{898904DB-4383-48D6-9D8B-C3D92C7E22AC}.Release|Mixed Platforms.ActiveCfg = Release|iPhone
		{898904DB-4383-48D6-9D8B-C3D92C7E22AC}.Release|Mixed Platforms.Build.0 = Release|iPhone
		{898904DB-4383-48D6-9D8B-C3D92C7E22AC}.Release|Mixed Platforms.Deploy.0 = Release|iPhone
	EndGlobalSection
	GlobalSection(SolutionProperties) = preSolution
		HideSolutionNode = FALSE
	EndGlobalSection
EndGlobal
