Microsoft Visual Studio Solution File, Format Version 12.00
# Visual Studio 2012
Project("{FAE04EC0-301F-11D3-BF4B-00C04F79EFBC}") = "Vici.CoolStorage.NET", "library\Vici.CoolStorage.NET.csproj", "{CACF1024-EC84-4601-A4F7-4203320870DC}"
EndProject
Global
	GlobalSection(SolutionConfigurationPlatforms) = preSolution
		Debug|Any CPU = Debug|Any CPU
		Release|Any CPU = Release|Any CPU
	EndGlobalSection
	GlobalSection(ProjectConfigurationPlatforms) = postSolution
		{CACF1024-EC84-4601-A4F7-4203320870DC}.Debug|Any CPU.ActiveCfg = Debug|Any CPU
		{CACF1024-EC84-4601-A4F7-4203320870DC}.Debug|Any CPU.Build.0 = Debug|Any CPU
		{CACF1024-EC84-4601-A4F7-4203320870DC}.Release|Any CPU.ActiveCfg = Release|Any CPU
		{CACF1024-EC84-4601-A4F7-4203320870DC}.Release|Any CPU.Build.0 = Release|Any CPU
	EndGlobalSection
	GlobalSection(SolutionProperties) = preSolution
		HideSolutionNode = FALSE
	EndGlobalSection
	GlobalSection(ExtensibilityGlobals) = postSolution
		VisualSVNWorkingCopyRoot = .
	EndGlobalSection
EndGlobal
