
Microsoft Visual Studio Solution File, Format Version 11.00
# Visual Studio 2010
Project("{FAE04EC0-301F-11D3-BF4B-00C04F79EFBC}") = "Vici.CoolStorage.SqliteWP7", "Vici.CoolStorage.SqliteWP7.csproj", "{0945FD81-B8E5-4EA2-AABC-CBEDC6DFE5FB}"
EndProject
Project("{FAE04EC0-301F-11D3-BF4B-00C04F79EFBC}") = "Vici.CoolStorage.WP7", "..\..\..\lib\Library\Vici.CoolStorage.WP7.csproj", "{B40FA902-1F43-4753-BF1F-565434BFD3BE}"
EndProject
Project("{FAE04EC0-301F-11D3-BF4B-00C04F79EFBC}") = "Vici.Core.WP7", "..\..\..\..\core\lib\Library\Vici.Core.WP7.csproj", "{448D77D5-3134-49B4-9D84-83537647D431}"
EndProject
Project("{FAE04EC0-301F-11D3-BF4B-00C04F79EFBC}") = "Vici.CoolStorage.SqliteWP7.Tests", "Vici.CoolStorage.SqliteWP7.Tests\Vici.CoolStorage.SqliteWP7.Tests.csproj", "{E4CEC02F-656C-4AB9-89BF-46A6BD7C27EE}"
EndProject
Project("{2150E333-8FDC-42A3-9474-1A3956D46DE8}") = "Solution Items", "Solution Items", "{C71AA0D7-624C-4A70-9845-5B67F87920ED}"
	ProjectSection(SolutionItems) = preProject
		Local.testsettings = Local.testsettings
		TraceAndTestImpact.testsettings = TraceAndTestImpact.testsettings
		Vici.CoolStorage.SqliteWP7.vsmdi = Vici.CoolStorage.SqliteWP7.vsmdi
	EndProjectSection
EndProject
Project("{FAE04EC0-301F-11D3-BF4B-00C04F79EFBC}") = "Vici.CoolStorage.SqliteWP7.Test", "..\Vici.CoolStorage.SqliteWP7.Test\Vici.CoolStorage.SqliteWP7.Test.csproj", "{E19B543D-3822-4518-80A0-05D3E8C308B1}"
EndProject
Global
	GlobalSection(TestCaseManagementSettings) = postSolution
		CategoryFile = Vici.CoolStorage.SqliteWP7.vsmdi
	EndGlobalSection
	GlobalSection(SolutionConfigurationPlatforms) = preSolution
		Debug|Any CPU = Debug|Any CPU
		Release|Any CPU = Release|Any CPU
	EndGlobalSection
	GlobalSection(ProjectConfigurationPlatforms) = postSolution
		{0945FD81-B8E5-4EA2-AABC-CBEDC6DFE5FB}.Debug|Any CPU.ActiveCfg = Debug|Any CPU
		{0945FD81-B8E5-4EA2-AABC-CBEDC6DFE5FB}.Debug|Any CPU.Build.0 = Debug|Any CPU
		{0945FD81-B8E5-4EA2-AABC-CBEDC6DFE5FB}.Release|Any CPU.ActiveCfg = Release|Any CPU
		{0945FD81-B8E5-4EA2-AABC-CBEDC6DFE5FB}.Release|Any CPU.Build.0 = Release|Any CPU
		{B40FA902-1F43-4753-BF1F-565434BFD3BE}.Debug|Any CPU.ActiveCfg = Debug|Any CPU
		{B40FA902-1F43-4753-BF1F-565434BFD3BE}.Debug|Any CPU.Build.0 = Debug|Any CPU
		{B40FA902-1F43-4753-BF1F-565434BFD3BE}.Release|Any CPU.ActiveCfg = Release|Any CPU
		{B40FA902-1F43-4753-BF1F-565434BFD3BE}.Release|Any CPU.Build.0 = Release|Any CPU
		{448D77D5-3134-49B4-9D84-83537647D431}.Debug|Any CPU.ActiveCfg = Debug|Any CPU
		{448D77D5-3134-49B4-9D84-83537647D431}.Debug|Any CPU.Build.0 = Debug|Any CPU
		{448D77D5-3134-49B4-9D84-83537647D431}.Release|Any CPU.ActiveCfg = Release|Any CPU
		{448D77D5-3134-49B4-9D84-83537647D431}.Release|Any CPU.Build.0 = Release|Any CPU
		{E4CEC02F-656C-4AB9-89BF-46A6BD7C27EE}.Debug|Any CPU.ActiveCfg = Debug|Any CPU
		{E4CEC02F-656C-4AB9-89BF-46A6BD7C27EE}.Debug|Any CPU.Build.0 = Debug|Any CPU
		{E4CEC02F-656C-4AB9-89BF-46A6BD7C27EE}.Release|Any CPU.ActiveCfg = Release|Any CPU
		{E4CEC02F-656C-4AB9-89BF-46A6BD7C27EE}.Release|Any CPU.Build.0 = Release|Any CPU
		{E19B543D-3822-4518-80A0-05D3E8C308B1}.Debug|Any CPU.ActiveCfg = Debug|Any CPU
		{E19B543D-3822-4518-80A0-05D3E8C308B1}.Debug|Any CPU.Build.0 = Debug|Any CPU
		{E19B543D-3822-4518-80A0-05D3E8C308B1}.Debug|Any CPU.Deploy.0 = Debug|Any CPU
		{E19B543D-3822-4518-80A0-05D3E8C308B1}.Release|Any CPU.ActiveCfg = Release|Any CPU
		{E19B543D-3822-4518-80A0-05D3E8C308B1}.Release|Any CPU.Build.0 = Release|Any CPU
		{E19B543D-3822-4518-80A0-05D3E8C308B1}.Release|Any CPU.Deploy.0 = Release|Any CPU
	EndGlobalSection
	GlobalSection(SolutionProperties) = preSolution
		HideSolutionNode = FALSE
	EndGlobalSection
EndGlobal
