
Microsoft Visual Studio Solution File, Format Version 10.00
# Visual Studio 2008
Project("{FAE04EC0-301F-11D3-BF4B-00C04F79EFBC}") = "Vici.CoolStorage.MySql", "Vici.CoolStorage.MySql.csproj", "{FA2BD8C1-EF8E-40CD-A2FC-6E102184534A}"
EndProject
Global
	GlobalSection(SolutionConfigurationPlatforms) = preSolution
		Debug|Any CPU = Debug|Any CPU
		Release|Any CPU = Release|Any CPU
	EndGlobalSection
	GlobalSection(ProjectConfigurationPlatforms) = postSolution
		{FA2BD8C1-EF8E-40CD-A2FC-6E102184534A}.Debug|Any CPU.ActiveCfg = Debug|Any CPU
		{FA2BD8C1-EF8E-40CD-A2FC-6E102184534A}.Debug|Any CPU.Build.0 = Debug|Any CPU
		{FA2BD8C1-EF8E-40CD-A2FC-6E102184534A}.Release|Any CPU.ActiveCfg = Release|Any CPU
		{FA2BD8C1-EF8E-40CD-A2FC-6E102184534A}.Release|Any CPU.Build.0 = Release|Any CPU
	EndGlobalSection
	GlobalSection(SolutionProperties) = preSolution
		HideSolutionNode = FALSE
	EndGlobalSection
EndGlobal
